
Microsoft Visual Studio Solution File, Format Version 12.00
# Visual Studio Version 16
VisualStudioVersion = 16.0.30611.23
MinimumVisualStudioVersion = 10.0.40219.1
Project("{FAE04EC0-301F-11D3-BF4B-00C04F79EFBC}") = "TestApp", "TestApp\TestApp.csproj", "{9D6CB73F-EA82-461C-B441-C6A6B1C8121A}"
EndProject
Global
	GlobalSection(SolutionConfigurationPlatforms) = preSolution
		Debug|Any CPU = Debug|Any CPU
		Release|Any CPU = Release|Any CPU
	EndGlobalSection
	GlobalSection(ProjectConfigurationPlatforms) = postSolution
		{9D6CB73F-EA82-461C-B441-C6A6B1C8121A}.Debug|Any CPU.ActiveCfg = Debug|Any CPU
		{9D6CB73F-EA82-461C-B441-C6A6B1C8121A}.Debug|Any CPU.Build.0 = Debug|Any CPU
		{9D6CB73F-EA82-461C-B441-C6A6B1C8121A}.Release|Any CPU.ActiveCfg = Release|Any CPU
		{9D6CB73F-EA82-461C-B441-C6A6B1C8121A}.Release|Any CPU.Build.0 = Release|Any CPU
	EndGlobalSection
	GlobalSection(SolutionProperties) = preSolution
		HideSolutionNode = FALSE
	EndGlobalSection
	GlobalSection(ExtensibilityGlobals) = postSolution
		SolutionGuid = {C77439CF-8C99-45BC-A985-C445DBAA97BE}
	EndGlobalSection
EndGlobal
